
Microsoft Visual Studio Solution File, Format Version 12.00
# Visual Studio Version 17
VisualStudioVersion = 17.3.32901.215
MinimumVisualStudioVersion = 10.0.40219.1
Project("{FAE04EC0-301F-11D3-BF4B-00C04F79EFBC}") = "HomeWork26Array7", "HomeWork26Array7\HomeWork26Array7.csproj", "{A7805CDE-9F10-4AA3-8079-4890747FC7A5}"
EndProject
Global
	GlobalSection(SolutionConfigurationPlatforms) = preSolution
		Debug|Any CPU = Debug|Any CPU
		Release|Any CPU = Release|Any CPU
	EndGlobalSection
	GlobalSection(ProjectConfigurationPlatforms) = postSolution
		{A7805CDE-9F10-4AA3-8079-4890747FC7A5}.Debug|Any CPU.ActiveCfg = Debug|Any CPU
		{A7805CDE-9F10-4AA3-8079-4890747FC7A5}.Debug|Any CPU.Build.0 = Debug|Any CPU
		{A7805CDE-9F10-4AA3-8079-4890747FC7A5}.Release|Any CPU.ActiveCfg = Release|Any CPU
		{A7805CDE-9F10-4AA3-8079-4890747FC7A5}.Release|Any CPU.Build.0 = Release|Any CPU
	EndGlobalSection
	GlobalSection(SolutionProperties) = preSolution
		HideSolutionNode = FALSE
	EndGlobalSection
	GlobalSection(ExtensibilityGlobals) = postSolution
		SolutionGuid = {132AC539-8BF1-4F93-88B9-873D1B4161F2}
	EndGlobalSection
EndGlobal
